
Microsoft Visual Studio Solution File, Format Version 12.00
# Visual Studio Version 17
VisualStudioVersion = 17.1.32328.378
MinimumVisualStudioVersion = 10.0.40219.1
Project("{9A19103F-16F7-4668-BE54-9A1E7A4F7556}") = "FNG", "FNG\FNG.csproj", "{B5DE5ACA-A242-4460-ADF2-459AAC0CF43C}"
EndProject
Project("{9A19103F-16F7-4668-BE54-9A1E7A4F7556}") = "BotCore", "BotCore\BotCore.csproj", "{8DD66CE8-8D8C-470A-B2AD-4D83BC08C7D7}"
EndProject
Project("{FAE04EC0-301F-11D3-BF4B-00C04F79EFBC}") = "PositionCalculator", "PositionCalculator\PositionCalculator.csproj", "{B1B9223F-7165-49B0-8D36-AB88211F4E16}"
EndProject
Global
	GlobalSection(SolutionConfigurationPlatforms) = preSolution
		Debug|Any CPU = Debug|Any CPU
		Debug|ARM32 = Debug|ARM32
		Debug|ARM64 = Debug|ARM64
		Debug|x64 = Debug|x64
		Debug|x86 = Debug|x86
		Release|Any CPU = Release|Any CPU
		Release|ARM32 = Release|ARM32
		Release|ARM64 = Release|ARM64
		Release|x64 = Release|x64
		Release|x86 = Release|x86
	EndGlobalSection
	GlobalSection(ProjectConfigurationPlatforms) = postSolution
		{B5DE5ACA-A242-4460-ADF2-459AAC0CF43C}.Debug|Any CPU.ActiveCfg = Debug|Any CPU
		{B5DE5ACA-A242-4460-ADF2-459AAC0CF43C}.Debug|Any CPU.Build.0 = Debug|Any CPU
		{B5DE5ACA-A242-4460-ADF2-459AAC0CF43C}.Debug|ARM32.ActiveCfg = Debug|Any CPU
		{B5DE5ACA-A242-4460-ADF2-459AAC0CF43C}.Debug|ARM32.Build.0 = Debug|Any CPU
		{B5DE5ACA-A242-4460-ADF2-459AAC0CF43C}.Debug|ARM64.ActiveCfg = Debug|Any CPU
		{B5DE5ACA-A242-4460-ADF2-459AAC0CF43C}.Debug|ARM64.Build.0 = Debug|Any CPU
		{B5DE5ACA-A242-4460-ADF2-459AAC0CF43C}.Debug|x64.ActiveCfg = Debug|Any CPU
		{B5DE5ACA-A242-4460-ADF2-459AAC0CF43C}.Debug|x64.Build.0 = Debug|Any CPU
		{B5DE5ACA-A242-4460-ADF2-459AAC0CF43C}.Debug|x86.ActiveCfg = Debug|Any CPU
		{B5DE5ACA-A242-4460-ADF2-459AAC0CF43C}.Debug|x86.Build.0 = Debug|Any CPU
		{B5DE5ACA-A242-4460-ADF2-459AAC0CF43C}.Release|Any CPU.ActiveCfg = Release|Any CPU
		{B5DE5ACA-A242-4460-ADF2-459AAC0CF43C}.Release|Any CPU.Build.0 = Release|Any CPU
		{B5DE5ACA-A242-4460-ADF2-459AAC0CF43C}.Release|ARM32.ActiveCfg = Release|Any CPU
		{B5DE5ACA-A242-4460-ADF2-459AAC0CF43C}.Release|ARM32.Build.0 = Release|Any CPU
		{B5DE5ACA-A242-4460-ADF2-459AAC0CF43C}.Release|ARM64.ActiveCfg = Release|Any CPU
		{B5DE5ACA-A242-4460-ADF2-459AAC0CF43C}.Release|ARM64.Build.0 = Release|Any CPU
		{B5DE5ACA-A242-4460-ADF2-459AAC0CF43C}.Release|x64.ActiveCfg = Release|Any CPU
		{B5DE5ACA-A242-4460-ADF2-459AAC0CF43C}.Release|x64.Build.0 = Release|Any CPU
		{B5DE5ACA-A242-4460-ADF2-459AAC0CF43C}.Release|x86.ActiveCfg = Release|Any CPU
		{B5DE5ACA-A242-4460-ADF2-459AAC0CF43C}.Release|x86.Build.0 = Release|Any CPU
		{8DD66CE8-8D8C-470A-B2AD-4D83BC08C7D7}.Debug|Any CPU.ActiveCfg = Debug|Any CPU
		{8DD66CE8-8D8C-470A-B2AD-4D83BC08C7D7}.Debug|Any CPU.Build.0 = Debug|Any CPU
		{8DD66CE8-8D8C-470A-B2AD-4D83BC08C7D7}.Debug|ARM32.ActiveCfg = Debug|ARM32
		{8DD66CE8-8D8C-470A-B2AD-4D83BC08C7D7}.Debug|ARM32.Build.0 = Debug|ARM32
		{8DD66CE8-8D8C-470A-B2AD-4D83BC08C7D7}.Debug|ARM64.ActiveCfg = Debug|ARM64
		{8DD66CE8-8D8C-470A-B2AD-4D83BC08C7D7}.Debug|ARM64.Build.0 = Debug|ARM64
		{8DD66CE8-8D8C-470A-B2AD-4D83BC08C7D7}.Debug|x64.ActiveCfg = Debug|ARM64
		{8DD66CE8-8D8C-470A-B2AD-4D83BC08C7D7}.Debug|x64.Build.0 = Debug|ARM64
		{8DD66CE8-8D8C-470A-B2AD-4D83BC08C7D7}.Debug|x86.ActiveCfg = Debug|x64
		{8DD66CE8-8D8C-470A-B2AD-4D83BC08C7D7}.Debug|x86.Build.0 = Debug|x64
		{8DD66CE8-8D8C-470A-B2AD-4D83BC08C7D7}.Release|Any CPU.ActiveCfg = Release|Any CPU
		{8DD66CE8-8D8C-470A-B2AD-4D83BC08C7D7}.Release|Any CPU.Build.0 = Release|Any CPU
		{8DD66CE8-8D8C-470A-B2AD-4D83BC08C7D7}.Release|ARM32.ActiveCfg = Release|ARM32
		{8DD66CE8-8D8C-470A-B2AD-4D83BC08C7D7}.Release|ARM32.Build.0 = Release|ARM32
		{8DD66CE8-8D8C-470A-B2AD-4D83BC08C7D7}.Release|ARM64.ActiveCfg = Release|ARM64
		{8DD66CE8-8D8C-470A-B2AD-4D83BC08C7D7}.Release|ARM64.Build.0 = Release|ARM64
		{8DD66CE8-8D8C-470A-B2AD-4D83BC08C7D7}.Release|x64.ActiveCfg = Release|x64
		{8DD66CE8-8D8C-470A-B2AD-4D83BC08C7D7}.Release|x64.Build.0 = Release|x64
		{8DD66CE8-8D8C-470A-B2AD-4D83BC08C7D7}.Release|x86.ActiveCfg = Release|Any CPU
		{8DD66CE8-8D8C-470A-B2AD-4D83BC08C7D7}.Release|x86.Build.0 = Release|Any CPU
		{B1B9223F-7165-49B0-8D36-AB88211F4E16}.Debug|Any CPU.ActiveCfg = Debug|Any CPU
		{B1B9223F-7165-49B0-8D36-AB88211F4E16}.Debug|Any CPU.Build.0 = Debug|Any CPU
		{B1B9223F-7165-49B0-8D36-AB88211F4E16}.Debug|ARM32.ActiveCfg = Debug|Any CPU
		{B1B9223F-7165-49B0-8D36-AB88211F4E16}.Debug|ARM32.Build.0 = Debug|Any CPU
		{B1B9223F-7165-49B0-8D36-AB88211F4E16}.Debug|ARM64.ActiveCfg = Debug|Any CPU
		{B1B9223F-7165-49B0-8D36-AB88211F4E16}.Debug|ARM64.Build.0 = Debug|Any CPU
		{B1B9223F-7165-49B0-8D36-AB88211F4E16}.Debug|x64.ActiveCfg = Debug|Any CPU
		{B1B9223F-7165-49B0-8D36-AB88211F4E16}.Debug|x64.Build.0 = Debug|Any CPU
		{B1B9223F-7165-49B0-8D36-AB88211F4E16}.Debug|x86.ActiveCfg = Debug|Any CPU
		{B1B9223F-7165-49B0-8D36-AB88211F4E16}.Debug|x86.Build.0 = Debug|Any CPU
		{B1B9223F-7165-49B0-8D36-AB88211F4E16}.Release|Any CPU.ActiveCfg = Release|Any CPU
		{B1B9223F-7165-49B0-8D36-AB88211F4E16}.Release|Any CPU.Build.0 = Release|Any CPU
		{B1B9223F-7165-49B0-8D36-AB88211F4E16}.Release|ARM32.ActiveCfg = Release|Any CPU
		{B1B9223F-7165-49B0-8D36-AB88211F4E16}.Release|ARM32.Build.0 = Release|Any CPU
		{B1B9223F-7165-49B0-8D36-AB88211F4E16}.Release|ARM64.ActiveCfg = Release|Any CPU
		{B1B9223F-7165-49B0-8D36-AB88211F4E16}.Release|ARM64.Build.0 = Release|Any CPU
		{B1B9223F-7165-49B0-8D36-AB88211F4E16}.Release|x64.ActiveCfg = Release|Any CPU
		{B1B9223F-7165-49B0-8D36-AB88211F4E16}.Release|x64.Build.0 = Release|Any CPU
		{B1B9223F-7165-49B0-8D36-AB88211F4E16}.Release|x86.ActiveCfg = Release|Any CPU
		{B1B9223F-7165-49B0-8D36-AB88211F4E16}.Release|x86.Build.0 = Release|Any CPU
	EndGlobalSection
	GlobalSection(SolutionProperties) = preSolution
		HideSolutionNode = FALSE
	EndGlobalSection
	GlobalSection(ExtensibilityGlobals) = postSolution
		SolutionGuid = {A0B8CC6E-A1E0-4938-AF29-079E49F797C5}
	EndGlobalSection
EndGlobal
